github.com/michael88888888/gomodprovider v0.0.0-20231126092200-0aff09bd713c h1:jutcydHV7A0VZ/XOaDKXkKpN/w+SsEh+kV92Trl/GCo=
github.com/michael88888888/gomodprovider v0.0.0-20231126092200-0aff09bd713c/go.mod h1:PBFi9VMbMfejcGgzUZc5BVy4UHkYlcSE8afiM+FDq20=
github.com/michael88888888/gomodproviderx v0.0.0-20231126082949-f7bc31938a8f h1:Dh5JJWysIOobsDgcADUO47t/DfbgjCBgR/lMbU4uVsY=
github.com/michael88888888/gomodproviderx v0.0.0-20231126082949-f7bc31938a8f/go.mod h1:RsKFaoMOh27T4Z4TjqdqHflVonHFqiMtrZFup8QZe+o=
